// !$*UTF8*$!
{
	archiveVersion = 1;
	classes = {
	};
	objectVersion = 50;
	objects = {

/* Begin PBXBuildFile section */
		B20B324924557E0C003F6664 /* String Extensions.swift in Sources */ = {isa = PBXBuildFile; fileRef = B20B324824557E0C003F6664 /* String Extensions.swift */; };
		B20B324A24557E5A003F6664 /* String Extensions.swift in Sources */ = {isa = PBXBuildFile; fileRef = B20B324824557E0C003F6664 /* String Extensions.swift */; };
		B24DED6825F0D8BD00F76629 /* Whisper View.swift in Sources */ = {isa = PBXBuildFile; fileRef = B24DED6725F0D8BD00F76629 /* Whisper View.swift */; };
		B24DED8B25F1417A00F76629 /* Persistence.swift in Sources */ = {isa = PBXBuildFile; fileRef = B24DED8A25F1417A00F76629 /* Persistence.swift */; };
		B24DED8C25F1417A00F76629 /* Persistence.swift in Sources */ = {isa = PBXBuildFile; fileRef = B24DED8A25F1417A00F76629 /* Persistence.swift */; };
		B26F4428244B3837004D794E /* Toolbar Button.swift in Sources */ = {isa = PBXBuildFile; fileRef = B26F4427244B3837004D794E /* Toolbar Button.swift */; };
		B26F4429244B390C004D794E /* Toolbar Button.swift in Sources */ = {isa = PBXBuildFile; fileRef = B26F4427244B3837004D794E /* Toolbar Button.swift */; };
		B28D41EE2443538B00C2577E /* Shortcut_Menu.xcdatamodeld in Sources */ = {isa = PBXBuildFile; fileRef = B28D41EC2443538B00C2577E /* Shortcut_Menu.xcdatamodeld */; };
		B28D42002443562C00C2577E /* Section Managed Object.swift in Sources */ = {isa = PBXBuildFile; fileRef = B28D41FF2443562C00C2577E /* Section Managed Object.swift */; };
		B28D420224435DF300C2577E /* Shortcut Managed Object.swift in Sources */ = {isa = PBXBuildFile; fileRef = B28D420124435DF300C2577E /* Shortcut Managed Object.swift */; };
		B28D420424435F8500C2577E /* Section View Model.swift in Sources */ = {isa = PBXBuildFile; fileRef = B28D420324435F8500C2577E /* Section View Model.swift */; };
		B28D420624437C3B00C2577E /* Shortcut View Model.swift in Sources */ = {isa = PBXBuildFile; fileRef = B28D420524437C3B00C2577E /* Shortcut View Model.swift */; };
		B28D427D244753F400C2577E /* Section View Model.swift in Sources */ = {isa = PBXBuildFile; fileRef = B28D420324435F8500C2577E /* Section View Model.swift */; };
		B28D427E244753F800C2577E /* Shortcut View Model.swift in Sources */ = {isa = PBXBuildFile; fileRef = B28D420524437C3B00C2577E /* Shortcut View Model.swift */; };
		B28D427F244753FC00C2577E /* Section Managed Object.swift in Sources */ = {isa = PBXBuildFile; fileRef = B28D41FF2443562C00C2577E /* Section Managed Object.swift */; };
		B28D4280244753FF00C2577E /* Shortcut Managed Object.swift in Sources */ = {isa = PBXBuildFile; fileRef = B28D420124435DF300C2577E /* Shortcut Managed Object.swift */; };
		B28D42822447542C00C2577E /* Declarations.swift in Sources */ = {isa = PBXBuildFile; fileRef = B28D42812447542C00C2577E /* Declarations.swift */; };
		B28D42832447545000C2577E /* Declarations.swift in Sources */ = {isa = PBXBuildFile; fileRef = B28D42812447542C00C2577E /* Declarations.swift */; };
		B28D42852447566B00C2577E /* Shortcut_Menu.xcdatamodeld in Sources */ = {isa = PBXBuildFile; fileRef = B28D41EC2443538B00C2577E /* Shortcut_Menu.xcdatamodeld */; };
		B28D428924475BB000C2577E /* Selection.swift in Sources */ = {isa = PBXBuildFile; fileRef = B28D428824475BB000C2577E /* Selection.swift */; };
		B28D428A24475BB200C2577E /* Selection.swift in Sources */ = {isa = PBXBuildFile; fileRef = B28D428824475BB000C2577E /* Selection.swift */; };
		B29D46CB244D79DE0001F984 /* Master Data.swift in Sources */ = {isa = PBXBuildFile; fileRef = B29D46C9244D718F0001F984 /* Master Data.swift */; };
		B29D46D1244DE4FA0001F984 /* Constraint.swift in Sources */ = {isa = PBXBuildFile; fileRef = B29D46CE244DD9170001F984 /* Constraint.swift */; };
		B2AA94A92452DC3A00664AAB /* Local Authentication.swift in Sources */ = {isa = PBXBuildFile; fileRef = B2AA94A82452DC3A00664AAB /* Local Authentication.swift */; };
		B2AA94AA2452DDA100664AAB /* Local Authentication.swift in Sources */ = {isa = PBXBuildFile; fileRef = B2AA94A82452DC3A00664AAB /* Local Authentication.swift */; };
		B2B82C5125F1477C0005B07C /* Master Data.swift in Sources */ = {isa = PBXBuildFile; fileRef = B29D46C9244D718F0001F984 /* Master Data.swift */; };
		B2B82C6225F148D50005B07C /* Shortcut Menu.swift in Sources */ = {isa = PBXBuildFile; fileRef = B2B82C6125F148D50005B07C /* Shortcut Menu.swift */; };
		B2B82C7025F14CD20005B07C /* Preview Assets.xcassets in Resources */ = {isa = PBXBuildFile; fileRef = B2B82C6F25F14CD20005B07C /* Preview Assets.xcassets */; };
		B2B82C7625F14D190005B07C /* Assets.xcassets in Resources */ = {isa = PBXBuildFile; fileRef = B2B82C7525F14D190005B07C /* Assets.xcassets */; };
		B2B82C7B25F14DF90005B07C /* Assets.xcassets in Resources */ = {isa = PBXBuildFile; fileRef = B2B82C7525F14D190005B07C /* Assets.xcassets */; };
		B2B82C9725F20A5D0005B07C /* Status Menu.swift in Sources */ = {isa = PBXBuildFile; fileRef = B2B82C9625F20A5D0005B07C /* Status Menu.swift */; };
		B2B82CA025F20CDD0005B07C /* Preview Assets.xcassets in Resources */ = {isa = PBXBuildFile; fileRef = B2B82C9D25F20CDD0005B07C /* Preview Assets.xcassets */; };
		B2B82CAE25F20D490005B07C /* Info.plist in Resources */ = {isa = PBXBuildFile; fileRef = B2B82CA525F20D490005B07C /* Info.plist */; };
		B2B82CB025F20D490005B07C /* Status Menu.swift in Sources */ = {isa = PBXBuildFile; fileRef = B2B82CA725F20D490005B07C /* Status Menu.swift */; };
		B2B82CB125F20D490005B07C /* AppDelegate.swift in Sources */ = {isa = PBXBuildFile; fileRef = B2B82CA825F20D490005B07C /* AppDelegate.swift */; };
		B2B82CB325F20D490005B07C /* Shortcut_Menu_Mac.xcdatamodeld in Sources */ = {isa = PBXBuildFile; fileRef = B2B82CAC25F20D490005B07C /* Shortcut_Menu_Mac.xcdatamodeld */; };
		B2B82CBE25F20E540005B07C /* Setup View.swift in Sources */ = {isa = PBXBuildFile; fileRef = B2B82CBC25F20E540005B07C /* Setup View.swift */; };
		B2B82CBF25F20E540005B07C /* Setup Shortcut List View.swift in Sources */ = {isa = PBXBuildFile; fileRef = B2B82CBD25F20E540005B07C /* Setup Shortcut List View.swift */; };
		B2B82CC425F20E790005B07C /* Setup Detail View.swift in Sources */ = {isa = PBXBuildFile; fileRef = B2B82CC225F20E790005B07C /* Setup Detail View.swift */; };
		B2B82CC525F20E790005B07C /* Setup Section List View.swift in Sources */ = {isa = PBXBuildFile; fileRef = B2B82CC325F20E790005B07C /* Setup Section List View.swift */; };
		B2B82CCA25F20EB70005B07C /* Setup View.swift in Sources */ = {isa = PBXBuildFile; fileRef = B2B82CBC25F20E540005B07C /* Setup View.swift */; };
		B2B82CCD25F20EBB0005B07C /* Setup Shortcut List View.swift in Sources */ = {isa = PBXBuildFile; fileRef = B2B82CBD25F20E540005B07C /* Setup Shortcut List View.swift */; };
		B2B82CD025F20EBD0005B07C /* Setup Section List View.swift in Sources */ = {isa = PBXBuildFile; fileRef = B2B82CC325F20E790005B07C /* Setup Section List View.swift */; };
		B2B82CD325F20EC10005B07C /* Setup Detail View.swift in Sources */ = {isa = PBXBuildFile; fileRef = B2B82CC225F20E790005B07C /* Setup Detail View.swift */; };
		B2B82CE625F20F590005B07C /* Assets.xcassets in Resources */ = {isa = PBXBuildFile; fileRef = B2B82CE425F20F590005B07C /* Assets.xcassets */; };
		B2B82CEE25F20FB00005B07C /* Assets.xcassets in Resources */ = {isa = PBXBuildFile; fileRef = B2B82CD725F20F0E0005B07C /* Assets.xcassets */; };
		B2B82CF425F257740005B07C /* MyApp.swift in Sources */ = {isa = PBXBuildFile; fileRef = B2B82CF325F257740005B07C /* MyApp.swift */; };
		B2B82CF725F257790005B07C /* MyApp.swift in Sources */ = {isa = PBXBuildFile; fileRef = B2B82CF325F257740005B07C /* MyApp.swift */; };
		B2B82D0525F25DD20005B07C /* Input Title.swift in Sources */ = {isa = PBXBuildFile; fileRef = B2B82D0225F25DD10005B07C /* Input Title.swift */; };
		B2B82D0625F25DD20005B07C /* Banner.swift in Sources */ = {isa = PBXBuildFile; fileRef = B2B82D0325F25DD10005B07C /* Banner.swift */; };
		B2B82D0725F25DD20005B07C /* Input.swift in Sources */ = {isa = PBXBuildFile; fileRef = B2B82D0425F25DD20005B07C /* Input.swift */; };
		B2B82D0A25F25DF70005B07C /* Banner.swift in Sources */ = {isa = PBXBuildFile; fileRef = B2B82D0325F25DD10005B07C /* Banner.swift */; };
		B2B82D0D25F25DFB0005B07C /* Input Title.swift in Sources */ = {isa = PBXBuildFile; fileRef = B2B82D0225F25DD10005B07C /* Input Title.swift */; };
		B2B82D1025F25DFE0005B07C /* Input.swift in Sources */ = {isa = PBXBuildFile; fileRef = B2B82D0425F25DD20005B07C /* Input.swift */; };
		B2B82D1425F27DA50005B07C /* Standard View.swift in Sources */ = {isa = PBXBuildFile; fileRef = B2B82D1325F27DA50005B07C /* Standard View.swift */; };
		B2B82D1525F27DA50005B07C /* Standard View.swift in Sources */ = {isa = PBXBuildFile; fileRef = B2B82D1325F27DA50005B07C /* Standard View.swift */; };
		B2B82D1925F27DBE0005B07C /* Message Box.swift in Sources */ = {isa = PBXBuildFile; fileRef = B2B82D1825F27DBD0005B07C /* Message Box.swift */; };
		B2B82D1A25F27DBE0005B07C /* Message Box.swift in Sources */ = {isa = PBXBuildFile; fileRef = B2B82D1825F27DBD0005B07C /* Message Box.swift */; };
		B2B82D1E25F27DD50005B07C /* Target View Modifiers.swift in Sources */ = {isa = PBXBuildFile; fileRef = B2B82D1D25F27DD50005B07C /* Target View Modifiers.swift */; };
		B2B82D1F25F27DD50005B07C /* Target View Modifiers.swift in Sources */ = {isa = PBXBuildFile; fileRef = B2B82D1D25F27DD50005B07C /* Target View Modifiers.swift */; };
		B2B82D2425F27F450005B07C /* Themes.swift in Sources */ = {isa = PBXBuildFile; fileRef = B2B82D2225F27F450005B07C /* Themes.swift */; };
		B2B82D2525F27F450005B07C /* Themes.swift in Sources */ = {isa = PBXBuildFile; fileRef = B2B82D2225F27F450005B07C /* Themes.swift */; };
		B2B82D2625F27F450005B07C /* Palette.swift in Sources */ = {isa = PBXBuildFile; fileRef = B2B82D2325F27F450005B07C /* Palette.swift */; };
		B2B82D2725F27F450005B07C /* Palette.swift in Sources */ = {isa = PBXBuildFile; fileRef = B2B82D2325F27F450005B07C /* Palette.swift */; };
		B2B82D2B25F27F840005B07C /* My Color.swift in Sources */ = {isa = PBXBuildFile; fileRef = B2B82D2A25F27F840005B07C /* My Color.swift */; };
		B2B82D2C25F27F840005B07C /* My Color.swift in Sources */ = {isa = PBXBuildFile; fileRef = B2B82D2A25F27F840005B07C /* My Color.swift */; };
		B2E0708F25F4AF6A00316112 /* Main.storyboard in Resources */ = {isa = PBXBuildFile; fileRef = B2B82CAB25F20D490005B07C /* Main.storyboard */; };
		B2E0709225F4BC5E00316112 /* Main View.swift in Sources */ = {isa = PBXBuildFile; fileRef = B2E0709125F4BC5E00316112 /* Main View.swift */; };
		B2E0709325F4BC5E00316112 /* Main View.swift in Sources */ = {isa = PBXBuildFile; fileRef = B2E0709125F4BC5E00316112 /* Main View.swift */; };
		B2E0709925F4D8DA00316112 /* Slide In Menu.swift in Sources */ = {isa = PBXBuildFile; fileRef = B2E0709825F4D8DA00316112 /* Slide In Menu.swift */; };
		B2E0709A25F4D8DA00316112 /* Slide In Menu.swift in Sources */ = {isa = PBXBuildFile; fileRef = B2E0709825F4D8DA00316112 /* Slide In Menu.swift */; };
		B2FD28CC25F6CA9D00F2B450 /* Utility.swift in Sources */ = {isa = PBXBuildFile; fileRef = B2FD28CB25F6CA9D00F2B450 /* Utility.swift */; };
		B2FD28CD25F6CA9D00F2B450 /* Utility.swift in Sources */ = {isa = PBXBuildFile; fileRef = B2FD28CB25F6CA9D00F2B450 /* Utility.swift */; };
/* End PBXBuildFile section */

/* Begin PBXFileReference section */
		B20B324824557E0C003F6664 /* String Extensions.swift */ = {isa = PBXFileReference; lastKnownFileType = sourcecode.swift; path = "String Extensions.swift"; sourceTree = "<group>"; };
		B24DED6725F0D8BD00F76629 /* Whisper View.swift */ = {isa = PBXFileReference; lastKnownFileType = sourcecode.swift; path = "Whisper View.swift"; sourceTree = "<group>"; };
		B24DED8A25F1417A00F76629 /* Persistence.swift */ = {isa = PBXFileReference; fileEncoding = 4; lastKnownFileType = sourcecode.swift; name = Persistence.swift; path = ../../Wots4T/Wots4T/Persistence.swift; sourceTree = "<group>"; };
		B26F4427244B3837004D794E /* Toolbar Button.swift */ = {isa = PBXFileReference; lastKnownFileType = sourcecode.swift; path = "Toolbar Button.swift"; sourceTree = "<group>"; };
		B28D41E52443538B00C2577E /* Shortcut Menu.app */ = {isa = PBXFileReference; explicitFileType = wrapper.application; includeInIndex = 0; path = "Shortcut Menu.app"; sourceTree = BUILT_PRODUCTS_DIR; };
		B28D41ED2443538B00C2577E /* Shortcut_Menu.xcdatamodel */ = {isa = PBXFileReference; lastKnownFileType = wrapper.xcdatamodel; path = Shortcut_Menu.xcdatamodel; sourceTree = "<group>"; };
		B28D41F92443538D00C2577E /* Info.plist */ = {isa = PBXFileReference; lastKnownFileType = text.plist.xml; path = Info.plist; sourceTree = "<group>"; };
		B28D41FF2443562C00C2577E /* Section Managed Object.swift */ = {isa = PBXFileReference; lastKnownFileType = sourcecode.swift; path = "Section Managed Object.swift"; sourceTree = "<group>"; };
		B28D420124435DF300C2577E /* Shortcut Managed Object.swift */ = {isa = PBXFileReference; lastKnownFileType = sourcecode.swift; path = "Shortcut Managed Object.swift"; sourceTree = "<group>"; };
		B28D420324435F8500C2577E /* Section View Model.swift */ = {isa = PBXFileReference; lastKnownFileType = sourcecode.swift; path = "Section View Model.swift"; sourceTree = "<group>"; };
		B28D420524437C3B00C2577E /* Shortcut View Model.swift */ = {isa = PBXFileReference; lastKnownFileType = sourcecode.swift; path = "Shortcut View Model.swift"; sourceTree = "<group>"; };
		B28D42652447515100C2577E /* Shortcut Menu Mac.app */ = {isa = PBXFileReference; explicitFileType = wrapper.application; includeInIndex = 0; path = "Shortcut Menu Mac.app"; sourceTree = BUILT_PRODUCTS_DIR; };
		B28D42812447542C00C2577E /* Declarations.swift */ = {isa = PBXFileReference; lastKnownFileType = sourcecode.swift; path = Declarations.swift; sourceTree = "<group>"; };
		B28D428824475BB000C2577E /* Selection.swift */ = {isa = PBXFileReference; lastKnownFileType = sourcecode.swift; path = Selection.swift; sourceTree = "<group>"; };
		B29D46C9244D718F0001F984 /* Master Data.swift */ = {isa = PBXFileReference; lastKnownFileType = sourcecode.swift; path = "Master Data.swift"; sourceTree = "<group>"; };
		B29D46CE244DD9170001F984 /* Constraint.swift */ = {isa = PBXFileReference; lastKnownFileType = sourcecode.swift; path = Constraint.swift; sourceTree = "<group>"; };
		B2AA94A82452DC3A00664AAB /* Local Authentication.swift */ = {isa = PBXFileReference; lastKnownFileType = sourcecode.swift; path = "Local Authentication.swift"; sourceTree = "<group>"; };
		B2B82C6125F148D50005B07C /* Shortcut Menu.swift */ = {isa = PBXFileReference; fileEncoding = 4; lastKnownFileType = sourcecode.swift; path = "Shortcut Menu.swift"; sourceTree = "<group>"; };
		B2B82C6F25F14CD20005B07C /* Preview Assets.xcassets */ = {isa = PBXFileReference; lastKnownFileType = folder.assetcatalog; name = "Preview Assets.xcassets"; path = "Preview Content/Preview Assets.xcassets"; sourceTree = "<group>"; };
		B2B82C7525F14D190005B07C /* Assets.xcassets */ = {isa = PBXFileReference; lastKnownFileType = folder.assetcatalog; path = Assets.xcassets; sourceTree = "<group>"; };
		B2B82C9625F20A5D0005B07C /* Status Menu.swift */ = {isa = PBXFileReference; lastKnownFileType = sourcecode.swift; path = "Status Menu.swift"; sourceTree = "<group>"; };
		B2B82C9D25F20CDD0005B07C /* Preview Assets.xcassets */ = {isa = PBXFileReference; lastKnownFileType = folder.assetcatalog; path = "Preview Assets.xcassets"; sourceTree = "<group>"; };
		B2B82CA425F20D490005B07C /* Shortcut_Menu_Mac.entitlements */ = {isa = PBXFileReference; fileEncoding = 4; lastKnownFileType = text.plist.entitlements; path = Shortcut_Menu_Mac.entitlements; sourceTree = "<group>"; };
		B2B82CA525F20D490005B07C /* Info.plist */ = {isa = PBXFileReference; fileEncoding = 4; lastKnownFileType = text.plist.xml; path = Info.plist; sourceTree = "<group>"; };
		B2B82CA725F20D490005B07C /* Status Menu.swift */ = {isa = PBXFileReference; fileEncoding = 4; lastKnownFileType = sourcecode.swift; path = "Status Menu.swift"; sourceTree = "<group>"; };
		B2B82CA825F20D490005B07C /* AppDelegate.swift */ = {isa = PBXFileReference; fileEncoding = 4; lastKnownFileType = sourcecode.swift; path = AppDelegate.swift; sourceTree = "<group>"; };
		B2B82CAB25F20D490005B07C /* Main.storyboard */ = {isa = PBXFileReference; lastKnownFileType = file.storyboard; path = Main.storyboard; sourceTree = "<group>"; };
		B2B82CAD25F20D490005B07C /* Shortcut_Menu_Mac.xcdatamodel */ = {isa = PBXFileReference; lastKnownFileType = wrapper.xcdatamodel; path = Shortcut_Menu_Mac.xcdatamodel; sourceTree = "<group>"; };
		B2B82CBC25F20E540005B07C /* Setup View.swift */ = {isa = PBXFileReference; fileEncoding = 4; lastKnownFileType = sourcecode.swift; name = "Setup View.swift"; path = "Shortcut Menu Shared/Setup View.swift"; sourceTree = SOURCE_ROOT; };
		B2B82CBD25F20E540005B07C /* Setup Shortcut List View.swift */ = {isa = PBXFileReference; fileEncoding = 4; lastKnownFileType = sourcecode.swift; name = "Setup Shortcut List View.swift"; path = "Shortcut Menu Shared/Setup Shortcut List View.swift"; sourceTree = SOURCE_ROOT; };
		B2B82CC225F20E790005B07C /* Setup Detail View.swift */ = {isa = PBXFileReference; fileEncoding = 4; lastKnownFileType = sourcecode.swift; name = "Setup Detail View.swift"; path = "Shortcut Menu Shared/Setup Detail View.swift"; sourceTree = SOURCE_ROOT; };
		B2B82CC325F20E790005B07C /* Setup Section List View.swift */ = {isa = PBXFileReference; fileEncoding = 4; lastKnownFileType = sourcecode.swift; name = "Setup Section List View.swift"; path = "Shortcut Menu Shared/Setup Section List View.swift"; sourceTree = SOURCE_ROOT; };
		B2B82CD825F20F0E0005B07C /* Base */ = {isa = PBXFileReference; lastKnownFileType = folder.assetcatalog; name = Base; path = Assets.xcassets; sourceTree = "<group>"; };
		B2B82CE525F20F590005B07C /* Base */ = {isa = PBXFileReference; lastKnownFileType = folder.assetcatalog; name = Base; path = Assets.xcassets; sourceTree = "<group>"; };
		B2B82CF325F257740005B07C /* MyApp.swift */ = {isa = PBXFileReference; lastKnownFileType = sourcecode.swift; path = MyApp.swift; sourceTree = "<group>"; };
		B2B82D0225F25DD10005B07C /* Input Title.swift */ = {isa = PBXFileReference; fileEncoding = 4; lastKnownFileType = sourcecode.swift; path = "Input Title.swift"; sourceTree = "<group>"; };
		B2B82D0325F25DD10005B07C /* Banner.swift */ = {isa = PBXFileReference; fileEncoding = 4; lastKnownFileType = sourcecode.swift; path = Banner.swift; sourceTree = "<group>"; };
		B2B82D0425F25DD20005B07C /* Input.swift */ = {isa = PBXFileReference; fileEncoding = 4; lastKnownFileType = sourcecode.swift; path = Input.swift; sourceTree = "<group>"; };
		B2B82D1325F27DA50005B07C /* Standard View.swift */ = {isa = PBXFileReference; fileEncoding = 4; lastKnownFileType = sourcecode.swift; path = "Standard View.swift"; sourceTree = "<group>"; };
		B2B82D1825F27DBD0005B07C /* Message Box.swift */ = {isa = PBXFileReference; fileEncoding = 4; lastKnownFileType = sourcecode.swift; path = "Message Box.swift"; sourceTree = "<group>"; };
		B2B82D1D25F27DD50005B07C /* Target View Modifiers.swift */ = {isa = PBXFileReference; fileEncoding = 4; lastKnownFileType = sourcecode.swift; path = "Target View Modifiers.swift"; sourceTree = "<group>"; };
		B2B82D2225F27F450005B07C /* Themes.swift */ = {isa = PBXFileReference; fileEncoding = 4; lastKnownFileType = sourcecode.swift; path = Themes.swift; sourceTree = "<group>"; };
		B2B82D2325F27F450005B07C /* Palette.swift */ = {isa = PBXFileReference; fileEncoding = 4; lastKnownFileType = sourcecode.swift; path = Palette.swift; sourceTree = "<group>"; };
		B2B82D2A25F27F840005B07C /* My Color.swift */ = {isa = PBXFileReference; fileEncoding = 4; lastKnownFileType = sourcecode.swift; path = "My Color.swift"; sourceTree = "<group>"; };
		B2E0709125F4BC5E00316112 /* Main View.swift */ = {isa = PBXFileReference; lastKnownFileType = sourcecode.swift; name = "Main View.swift"; path = "Shortcut Menu Shared/Main View.swift"; sourceTree = SOURCE_ROOT; };
		B2E0709825F4D8DA00316112 /* Slide In Menu.swift */ = {isa = PBXFileReference; lastKnownFileType = sourcecode.swift; path = "Slide In Menu.swift"; sourceTree = "<group>"; };
		B2FD28CB25F6CA9D00F2B450 /* Utility.swift */ = {isa = PBXFileReference; fileEncoding = 4; lastKnownFileType = sourcecode.swift; path = Utility.swift; sourceTree = "<group>"; };
/* End PBXFileReference section */

/* Begin PBXFrameworksBuildPhase section */
		B28D41E22443538B00C2577E /* Frameworks */ = {
			isa = PBXFrameworksBuildPhase;
			buildActionMask = 2147483647;
			files = (
			);
			runOnlyForDeploymentPostprocessing = 0;
		};
		B28D42622447515100C2577E /* Frameworks */ = {
			isa = PBXFrameworksBuildPhase;
			buildActionMask = 2147483647;
			files = (
			);
			runOnlyForDeploymentPostprocessing = 0;
		};
/* End PBXFrameworksBuildPhase section */

/* Begin PBXGroup section */
		B24DED4E25F0CF4600F76629 /* Standard Components */ = {
			isa = PBXGroup;
			children = (
				B2B82CF325F257740005B07C /* MyApp.swift */,
				B2B82CE925F20F7F0005B07C /* Base.lproj */,
				B28D41EC2443538B00C2577E /* Shortcut_Menu.xcdatamodeld */,
				B24DED8A25F1417A00F76629 /* Persistence.swift */,
			);
			name = "Standard Components";
			sourceTree = "<group>";
		};
		B24DED4F25F0CF5700F76629 /* Reusable Views */ = {
			isa = PBXGroup;
			children = (
				B2B82D1325F27DA50005B07C /* Standard View.swift */,
				B2B82D1825F27DBD0005B07C /* Message Box.swift */,
				B2E0709825F4D8DA00316112 /* Slide In Menu.swift */,
				B26F4427244B3837004D794E /* Toolbar Button.swift */,
				B2B82D0325F25DD10005B07C /* Banner.swift */,
				B2B82D0225F25DD10005B07C /* Input Title.swift */,
				B2B82D0425F25DD20005B07C /* Input.swift */,
				B2B82D1D25F27DD50005B07C /* Target View Modifiers.swift */,
			);
			name = "Reusable Views";
			sourceTree = "<group>";
		};
		B24DED5025F0CF6E00F76629 /* Data Structures */ = {
			isa = PBXGroup;
			children = (
				B29D46C9244D718F0001F984 /* Master Data.swift */,
				B28D42812447542C00C2577E /* Declarations.swift */,
				B28D428824475BB000C2577E /* Selection.swift */,
			);
			name = "Data Structures";
			sourceTree = "<group>";
		};
		B24DED5125F0CF8300F76629 /* View Models */ = {
			isa = PBXGroup;
			children = (
				B28D420324435F8500C2577E /* Section View Model.swift */,
				B28D420524437C3B00C2577E /* Shortcut View Model.swift */,
			);
			name = "View Models";
			sourceTree = "<group>";
		};
		B24DED5225F0CF8D00F76629 /* Managed Objects */ = {
			isa = PBXGroup;
			children = (
				B28D41FF2443562C00C2577E /* Section Managed Object.swift */,
				B28D420124435DF300C2577E /* Shortcut Managed Object.swift */,
			);
			name = "Managed Objects";
			sourceTree = "<group>";
		};
		B24DED5525F0CFAD00F76629 /* Utilities */ = {
			isa = PBXGroup;
			children = (
				B2AA94A82452DC3A00664AAB /* Local Authentication.swift */,
				B20B324824557E0C003F6664 /* String Extensions.swift */,
				B2B82D2325F27F450005B07C /* Palette.swift */,
				B2B82D2225F27F450005B07C /* Themes.swift */,
				B2B82D2A25F27F840005B07C /* My Color.swift */,
				B2FD28CB25F6CA9D00F2B450 /* Utility.swift */,
			);
			name = Utilities;
			sourceTree = "<group>";
		};
		B24DED5925F0D04700F76629 /* Standard Components */ = {
			isa = PBXGroup;
			children = (
				B2B82CE325F20F590005B07C /* Base.lproj */,
				B2B82CA825F20D490005B07C /* AppDelegate.swift */,
				B2B82CAB25F20D490005B07C /* Main.storyboard */,
				B2B82CA525F20D490005B07C /* Info.plist */,
				B2B82CA425F20D490005B07C /* Shortcut_Menu_Mac.entitlements */,
				B2B82CAC25F20D490005B07C /* Shortcut_Menu_Mac.xcdatamodeld */,
				B2B82C9C25F20CDD0005B07C /* Preview Content */,
			);
			name = "Standard Components";
			sourceTree = "<group>";
		};
		B24DED5A25F0D07B00F76629 /* Shared Views */ = {
			isa = PBXGroup;
			children = (
				B2E0709125F4BC5E00316112 /* Main View.swift */,
				B2B82CBC25F20E540005B07C /* Setup View.swift */,
				B2B82CC325F20E790005B07C /* Setup Section List View.swift */,
				B2B82CBD25F20E540005B07C /* Setup Shortcut List View.swift */,
				B2B82CC225F20E790005B07C /* Setup Detail View.swift */,
			);
			name = "Shared Views";
			path = "Shortcut Menu Mac";
			sourceTree = "<group>";
		};
		B24DED5B25F0D09800F76629 /* Utilities */ = {
			isa = PBXGroup;
			children = (
				B29D46CE244DD9170001F984 /* Constraint.swift */,
			);
			name = Utilities;
			sourceTree = "<group>";
		};
		B24DED5F25F0D1A800F76629 /* Menus */ = {
			isa = PBXGroup;
			children = (
				B2B82CA725F20D490005B07C /* Status Menu.swift */,
			);
			name = Menus;
			sourceTree = "<group>";
		};
		B24DED6225F0D64000F76629 /* Reusable Views */ = {
			isa = PBXGroup;
			children = (
				B24DED6725F0D8BD00F76629 /* Whisper View.swift */,
			);
			name = "Reusable Views";
			sourceTree = "<group>";
		};
		B28D41DC2443538B00C2577E = {
			isa = PBXGroup;
			children = (
				B28D42862447573900C2577E /* Shortcut Menu Shared */,
				B28D41E72443538B00C2577E /* Shortcut Menu iOS */,
				B28D42662447515100C2577E /* Shortcut Menu Mac */,
				B28D41E62443538B00C2577E /* Products */,
			);
			sourceTree = "<group>";
		};
		B28D41E62443538B00C2577E /* Products */ = {
			isa = PBXGroup;
			children = (
				B28D41E52443538B00C2577E /* Shortcut Menu.app */,
				B28D42652447515100C2577E /* Shortcut Menu Mac.app */,
			);
			name = Products;
			sourceTree = "<group>";
		};
		B28D41E72443538B00C2577E /* Shortcut Menu iOS */ = {
			isa = PBXGroup;
			children = (
				B2B82C6F25F14CD20005B07C /* Preview Assets.xcassets */,
				B2B82C5425F147FF0005B07C /* Standard Components */,
				B2B82C9625F20A5D0005B07C /* Status Menu.swift */,
			);
			path = "Shortcut Menu iOS";
			sourceTree = "<group>";
		};
		B28D42662447515100C2577E /* Shortcut Menu Mac */ = {
			isa = PBXGroup;
			children = (
				B24DED5925F0D04700F76629 /* Standard Components */,
				B24DED5F25F0D1A800F76629 /* Menus */,
				B24DED6225F0D64000F76629 /* Reusable Views */,
				B24DED5B25F0D09800F76629 /* Utilities */,
			);
			path = "Shortcut Menu Mac";
			sourceTree = "<group>";
		};
		B28D42862447573900C2577E /* Shortcut Menu Shared */ = {
			isa = PBXGroup;
			children = (
				B24DED4E25F0CF4600F76629 /* Standard Components */,
				B24DED5025F0CF6E00F76629 /* Data Structures */,
				B24DED5225F0CF8D00F76629 /* Managed Objects */,
				B24DED5125F0CF8300F76629 /* View Models */,
				B24DED5A25F0D07B00F76629 /* Shared Views */,
				B24DED4F25F0CF5700F76629 /* Reusable Views */,
				B24DED5525F0CFAD00F76629 /* Utilities */,
			);
			path = "Shortcut Menu Shared";
			sourceTree = "<group>";
		};
		B2B82C5425F147FF0005B07C /* Standard Components */ = {
			isa = PBXGroup;
			children = (
				B2B82CD625F20F0E0005B07C /* Base.lproj */,
				B28D41F92443538D00C2577E /* Info.plist */,
				B2B82C6125F148D50005B07C /* Shortcut Menu.swift */,
			);
			name = "Standard Components";
			sourceTree = "<group>";
		};
		B2B82C9C25F20CDD0005B07C /* Preview Content */ = {
			isa = PBXGroup;
			children = (
				B2B82C9D25F20CDD0005B07C /* Preview Assets.xcassets */,
			);
			name = "Preview Content";
			path = "Shortcut Menu iOS/Preview Content";
			sourceTree = SOURCE_ROOT;
		};
		B2B82CD625F20F0E0005B07C /* Base.lproj */ = {
			isa = PBXGroup;
			children = (
				B2B82CD725F20F0E0005B07C /* Assets.xcassets */,
			);
			path = Base.lproj;
			sourceTree = "<group>";
		};
		B2B82CE325F20F590005B07C /* Base.lproj */ = {
			isa = PBXGroup;
			children = (
				B2B82CE425F20F590005B07C /* Assets.xcassets */,
			);
			path = Base.lproj;
			sourceTree = "<group>";
		};
		B2B82CE925F20F7F0005B07C /* Base.lproj */ = {
			isa = PBXGroup;
			children = (
				B2B82C7525F14D190005B07C /* Assets.xcassets */,
			);
			path = Base.lproj;
			sourceTree = "<group>";
		};
/* End PBXGroup section */

/* Begin PBXNativeTarget section */
		B28D41E42443538B00C2577E /* Shortcut Menu */ = {
			isa = PBXNativeTarget;
			buildConfigurationList = B28D41FC2443538D00C2577E /* Build configuration list for PBXNativeTarget "Shortcut Menu" */;
			buildPhases = (
				B28D41E12443538B00C2577E /* Sources */,
				B28D41E22443538B00C2577E /* Frameworks */,
				B28D41E32443538B00C2577E /* Resources */,
			);
			buildRules = (
			);
			dependencies = (
			);
			name = "Shortcut Menu";
			productName = "Shortcut Menu";
			productReference = B28D41E52443538B00C2577E /* Shortcut Menu.app */;
			productType = "com.apple.product-type.application";
		};
		B28D42642447515100C2577E /* Shortcut Menu Mac */ = {
			isa = PBXNativeTarget;
			buildConfigurationList = B28D427A2447515300C2577E /* Build configuration list for PBXNativeTarget "Shortcut Menu Mac" */;
			buildPhases = (
				B28D42612447515100C2577E /* Sources */,
				B28D42622447515100C2577E /* Frameworks */,
				B28D42632447515100C2577E /* Resources */,
			);
			buildRules = (
			);
			dependencies = (
			);
			name = "Shortcut Menu Mac";
			productName = "Shortcut Menu Mac";
			productReference = B28D42652447515100C2577E /* Shortcut Menu Mac.app */;
			productType = "com.apple.product-type.application";
		};
/* End PBXNativeTarget section */

/* Begin PBXProject section */
		B28D41DD2443538B00C2577E /* Project object */ = {
			isa = PBXProject;
			attributes = {
				LastSwiftUpdateCheck = 1140;
				LastUpgradeCheck = 1140;
				ORGANIZATIONNAME = "Marc Shearer";
				TargetAttributes = {
					B28D41E42443538B00C2577E = {
						CreatedOnToolsVersion = 11.4;
					};
					B28D42642447515100C2577E = {
						CreatedOnToolsVersion = 11.4;
					};
				};
			};
			buildConfigurationList = B28D41E02443538B00C2577E /* Build configuration list for PBXProject "Shortcut Menu" */;
			compatibilityVersion = "Xcode 9.3";
			developmentRegion = en;
			hasScannedForEncodings = 0;
			knownRegions = (
				en,
				Base,
			);
			mainGroup = B28D41DC2443538B00C2577E;
			productRefGroup = B28D41E62443538B00C2577E /* Products */;
			projectDirPath = "";
			projectRoot = "";
			targets = (
				B28D41E42443538B00C2577E /* Shortcut Menu */,
				B28D42642447515100C2577E /* Shortcut Menu Mac */,
			);
		};
/* End PBXProject section */

/* Begin PBXResourcesBuildPhase section */
		B28D41E32443538B00C2577E /* Resources */ = {
			isa = PBXResourcesBuildPhase;
			buildActionMask = 2147483647;
			files = (
				B2B82C7625F14D190005B07C /* Assets.xcassets in Resources */,
				B2B82CEE25F20FB00005B07C /* Assets.xcassets in Resources */,
				B2B82C7025F14CD20005B07C /* Preview Assets.xcassets in Resources */,
			);
			runOnlyForDeploymentPostprocessing = 0;
		};
		B28D42632447515100C2577E /* Resources */ = {
			isa = PBXResourcesBuildPhase;
			buildActionMask = 2147483647;
			files = (
				B2B82CA025F20CDD0005B07C /* Preview Assets.xcassets in Resources */,
				B2B82CAE25F20D490005B07C /* Info.plist in Resources */,
				B2E0708F25F4AF6A00316112 /* Main.storyboard in Resources */,
				B2B82C7B25F14DF90005B07C /* Assets.xcassets in Resources */,
				B2B82CE625F20F590005B07C /* Assets.xcassets in Resources */,
			);
			runOnlyForDeploymentPostprocessing = 0;
		};
/* End PBXResourcesBuildPhase section */

/* Begin PBXSourcesBuildPhase section */
		B28D41E12443538B00C2577E /* Sources */ = {
			isa = PBXSourcesBuildPhase;
			buildActionMask = 2147483647;
			files = (
				B28D428924475BB000C2577E /* Selection.swift in Sources */,
				B24DED8B25F1417A00F76629 /* Persistence.swift in Sources */,
				B2B82D2B25F27F840005B07C /* My Color.swift in Sources */,
				B2B82D0D25F25DFB0005B07C /* Input Title.swift in Sources */,
				B2B82D2625F27F450005B07C /* Palette.swift in Sources */,
				B2AA94A92452DC3A00664AAB /* Local Authentication.swift in Sources */,
				B28D42002443562C00C2577E /* Section Managed Object.swift in Sources */,
				B20B324924557E0C003F6664 /* String Extensions.swift in Sources */,
				B28D420224435DF300C2577E /* Shortcut Managed Object.swift in Sources */,
				B2B82D1425F27DA50005B07C /* Standard View.swift in Sources */,
				B2B82CD325F20EC10005B07C /* Setup Detail View.swift in Sources */,
				B2B82CCD25F20EBB0005B07C /* Setup Shortcut List View.swift in Sources */,
				B2B82CF725F257790005B07C /* MyApp.swift in Sources */,
				B28D420624437C3B00C2577E /* Shortcut View Model.swift in Sources */,
				B2B82C6225F148D50005B07C /* Shortcut Menu.swift in Sources */,
				B2B82D1E25F27DD50005B07C /* Target View Modifiers.swift in Sources */,
				B2B82C5125F1477C0005B07C /* Master Data.swift in Sources */,
				B28D41EE2443538B00C2577E /* Shortcut_Menu.xcdatamodeld in Sources */,
				B2B82D1025F25DFE0005B07C /* Input.swift in Sources */,
				B2B82CD025F20EBD0005B07C /* Setup Section List View.swift in Sources */,
				B2B82C9725F20A5D0005B07C /* Status Menu.swift in Sources */,
				B2E0709225F4BC5E00316112 /* Main View.swift in Sources */,
				B2B82D1925F27DBE0005B07C /* Message Box.swift in Sources */,
				B2B82CCA25F20EB70005B07C /* Setup View.swift in Sources */,
				B2B82D2425F27F450005B07C /* Themes.swift in Sources */,
				B28D42822447542C00C2577E /* Declarations.swift in Sources */,
				B2FD28CC25F6CA9D00F2B450 /* Utility.swift in Sources */,
				B2B82D0A25F25DF70005B07C /* Banner.swift in Sources */,
				B2E0709925F4D8DA00316112 /* Slide In Menu.swift in Sources */,
				B28D420424435F8500C2577E /* Section View Model.swift in Sources */,
				B26F4428244B3837004D794E /* Toolbar Button.swift in Sources */,
			);
			runOnlyForDeploymentPostprocessing = 0;
		};
		B28D42612447515100C2577E /* Sources */ = {
			isa = PBXSourcesBuildPhase;
			buildActionMask = 2147483647;
			files = (
				B2B82CC525F20E790005B07C /* Setup Section List View.swift in Sources */,
				B29D46D1244DE4FA0001F984 /* Constraint.swift in Sources */,
				B28D4280244753FF00C2577E /* Shortcut Managed Object.swift in Sources */,
				B2B82D1A25F27DBE0005B07C /* Message Box.swift in Sources */,
				B2B82CC425F20E790005B07C /* Setup Detail View.swift in Sources */,
				B2B82D2525F27F450005B07C /* Themes.swift in Sources */,
				B2B82CB325F20D490005B07C /* Shortcut_Menu_Mac.xcdatamodeld in Sources */,
				B2B82D0625F25DD20005B07C /* Banner.swift in Sources */,
				B2B82CB125F20D490005B07C /* AppDelegate.swift in Sources */,
				B2B82D0525F25DD20005B07C /* Input Title.swift in Sources */,
				B2E0709325F4BC5E00316112 /* Main View.swift in Sources */,
				B28D427F244753FC00C2577E /* Section Managed Object.swift in Sources */,
				B2B82D1F25F27DD50005B07C /* Target View Modifiers.swift in Sources */,
				B2B82CF425F257740005B07C /* MyApp.swift in Sources */,
				B2B82D0725F25DD20005B07C /* Input.swift in Sources */,
				B28D427D244753F400C2577E /* Section View Model.swift in Sources */,
				B2FD28CD25F6CA9D00F2B450 /* Utility.swift in Sources */,
				B28D42852447566B00C2577E /* Shortcut_Menu.xcdatamodeld in Sources */,
				B24DED6825F0D8BD00F76629 /* Whisper View.swift in Sources */,
				B2B82D1525F27DA50005B07C /* Standard View.swift in Sources */,
				B28D42832447545000C2577E /* Declarations.swift in Sources */,
				B28D428A24475BB200C2577E /* Selection.swift in Sources */,
				B24DED8C25F1417A00F76629 /* Persistence.swift in Sources */,
				B20B324A24557E5A003F6664 /* String Extensions.swift in Sources */,
				B26F4429244B390C004D794E /* Toolbar Button.swift in Sources */,
				B29D46CB244D79DE0001F984 /* Master Data.swift in Sources */,
				B2B82CB025F20D490005B07C /* Status Menu.swift in Sources */,
				B2B82D2C25F27F840005B07C /* My Color.swift in Sources */,
				B28D427E244753F800C2577E /* Shortcut View Model.swift in Sources */,
				B2B82CBF25F20E540005B07C /* Setup Shortcut List View.swift in Sources */,
				B2B82D2725F27F450005B07C /* Palette.swift in Sources */,
				B2E0709A25F4D8DA00316112 /* Slide In Menu.swift in Sources */,
				B2AA94AA2452DDA100664AAB /* Local Authentication.swift in Sources */,
				B2B82CBE25F20E540005B07C /* Setup View.swift in Sources */,
			);
			runOnlyForDeploymentPostprocessing = 0;
		};
/* End PBXSourcesBuildPhase section */

/* Begin PBXVariantGroup section */
		B2B82CD725F20F0E0005B07C /* Assets.xcassets */ = {
			isa = PBXVariantGroup;
			children = (
				B2B82CD825F20F0E0005B07C /* Base */,
			);
			name = Assets.xcassets;
			sourceTree = "<group>";
		};
		B2B82CE425F20F590005B07C /* Assets.xcassets */ = {
			isa = PBXVariantGroup;
			children = (
				B2B82CE525F20F590005B07C /* Base */,
			);
			name = Assets.xcassets;
			sourceTree = "<group>";
		};
/* End PBXVariantGroup section */

/* Begin XCBuildConfiguration section */
		B28D41FA2443538D00C2577E /* Debug */ = {
			isa = XCBuildConfiguration;
			buildSettings = {
				ALWAYS_SEARCH_USER_PATHS = NO;
				CLANG_ANALYZER_NONNULL = YES;
				CLANG_ANALYZER_NUMBER_OBJECT_CONVERSION = YES_AGGRESSIVE;
				CLANG_CXX_LANGUAGE_STANDARD = "gnu++14";
				CLANG_CXX_LIBRARY = "libc++";
				CLANG_ENABLE_MODULES = YES;
				CLANG_ENABLE_OBJC_ARC = YES;
				CLANG_ENABLE_OBJC_WEAK = YES;
				CLANG_WARN_BLOCK_CAPTURE_AUTORELEASING = YES;
				CLANG_WARN_BOOL_CONVERSION = YES;
				CLANG_WARN_COMMA = YES;
				CLANG_WARN_CONSTANT_CONVERSION = YES;
				CLANG_WARN_DEPRECATED_OBJC_IMPLEMENTATIONS = YES;
				CLANG_WARN_DIRECT_OBJC_ISA_USAGE = YES_ERROR;
				CLANG_WARN_DOCUMENTATION_COMMENTS = YES;
				CLANG_WARN_EMPTY_BODY = YES;
				CLANG_WARN_ENUM_CONVERSION = YES;
				CLANG_WARN_INFINITE_RECURSION = YES;
				CLANG_WARN_INT_CONVERSION = YES;
				CLANG_WARN_NON_LITERAL_NULL_CONVERSION = YES;
				CLANG_WARN_OBJC_IMPLICIT_RETAIN_SELF = YES;
				CLANG_WARN_OBJC_LITERAL_CONVERSION = YES;
				CLANG_WARN_OBJC_ROOT_CLASS = YES_ERROR;
				CLANG_WARN_RANGE_LOOP_ANALYSIS = YES;
				CLANG_WARN_STRICT_PROTOTYPES = YES;
				CLANG_WARN_SUSPICIOUS_MOVE = YES;
				CLANG_WARN_UNGUARDED_AVAILABILITY = YES_AGGRESSIVE;
				CLANG_WARN_UNREACHABLE_CODE = YES;
				CLANG_WARN__DUPLICATE_METHOD_MATCH = YES;
				COPY_PHASE_STRIP = NO;
				DEBUG_INFORMATION_FORMAT = dwarf;
				ENABLE_STRICT_OBJC_MSGSEND = YES;
				ENABLE_TESTABILITY = YES;
				GCC_C_LANGUAGE_STANDARD = gnu11;
				GCC_DYNAMIC_NO_PIC = NO;
				GCC_NO_COMMON_BLOCKS = YES;
				GCC_OPTIMIZATION_LEVEL = 0;
				GCC_PREPROCESSOR_DEFINITIONS = (
					"DEBUG=1",
					"$(inherited)",
				);
				GCC_WARN_64_TO_32_BIT_CONVERSION = YES;
				GCC_WARN_ABOUT_RETURN_TYPE = YES_ERROR;
				GCC_WARN_UNDECLARED_SELECTOR = YES;
				GCC_WARN_UNINITIALIZED_AUTOS = YES_AGGRESSIVE;
				GCC_WARN_UNUSED_FUNCTION = YES;
				GCC_WARN_UNUSED_VARIABLE = YES;
				IPHONEOS_DEPLOYMENT_TARGET = 14.2;
				MACOSX_DEPLOYMENT_TARGET = 11.0;
				MTL_ENABLE_DEBUG_INFO = INCLUDE_SOURCE;
				MTL_FAST_MATH = YES;
				ONLY_ACTIVE_ARCH = YES;
				SDKROOT = iphoneos;
				SWIFT_ACTIVE_COMPILATION_CONDITIONS = DEBUG;
				SWIFT_OPTIMIZATION_LEVEL = "-Onone";
			};
			name = Debug;
		};
		B28D41FB2443538D00C2577E /* Release */ = {
			isa = XCBuildConfiguration;
			buildSettings = {
				ALWAYS_SEARCH_USER_PATHS = NO;
				CLANG_ANALYZER_NONNULL = YES;
				CLANG_ANALYZER_NUMBER_OBJECT_CONVERSION = YES_AGGRESSIVE;
				CLANG_CXX_LANGUAGE_STANDARD = "gnu++14";
				CLANG_CXX_LIBRARY = "libc++";
				CLANG_ENABLE_MODULES = YES;
				CLANG_ENABLE_OBJC_ARC = YES;
				CLANG_ENABLE_OBJC_WEAK = YES;
				CLANG_WARN_BLOCK_CAPTURE_AUTORELEASING = YES;
				CLANG_WARN_BOOL_CONVERSION = YES;
				CLANG_WARN_COMMA = YES;
				CLANG_WARN_CONSTANT_CONVERSION = YES;
				CLANG_WARN_DEPRECATED_OBJC_IMPLEMENTATIONS = YES;
				CLANG_WARN_DIRECT_OBJC_ISA_USAGE = YES_ERROR;
				CLANG_WARN_DOCUMENTATION_COMMENTS = YES;
				CLANG_WARN_EMPTY_BODY = YES;
				CLANG_WARN_ENUM_CONVERSION = YES;
				CLANG_WARN_INFINITE_RECURSION = YES;
				CLANG_WARN_INT_CONVERSION = YES;
				CLANG_WARN_NON_LITERAL_NULL_CONVERSION = YES;
				CLANG_WARN_OBJC_IMPLICIT_RETAIN_SELF = YES;
				CLANG_WARN_OBJC_LITERAL_CONVERSION = YES;
				CLANG_WARN_OBJC_ROOT_CLASS = YES_ERROR;
				CLANG_WARN_RANGE_LOOP_ANALYSIS = YES;
				CLANG_WARN_STRICT_PROTOTYPES = YES;
				CLANG_WARN_SUSPICIOUS_MOVE = YES;
				CLANG_WARN_UNGUARDED_AVAILABILITY = YES_AGGRESSIVE;
				CLANG_WARN_UNREACHABLE_CODE = YES;
				CLANG_WARN__DUPLICATE_METHOD_MATCH = YES;
				COPY_PHASE_STRIP = NO;
				DEBUG_INFORMATION_FORMAT = "dwarf-with-dsym";
				ENABLE_NS_ASSERTIONS = NO;
				ENABLE_STRICT_OBJC_MSGSEND = YES;
				GCC_C_LANGUAGE_STANDARD = gnu11;
				GCC_NO_COMMON_BLOCKS = YES;
				GCC_WARN_64_TO_32_BIT_CONVERSION = YES;
				GCC_WARN_ABOUT_RETURN_TYPE = YES_ERROR;
				GCC_WARN_UNDECLARED_SELECTOR = YES;
				GCC_WARN_UNINITIALIZED_AUTOS = YES_AGGRESSIVE;
				GCC_WARN_UNUSED_FUNCTION = YES;
				GCC_WARN_UNUSED_VARIABLE = YES;
				IPHONEOS_DEPLOYMENT_TARGET = 14.2;
				MACOSX_DEPLOYMENT_TARGET = 11.0;
				MTL_ENABLE_DEBUG_INFO = NO;
				MTL_FAST_MATH = YES;
				SDKROOT = iphoneos;
				SWIFT_COMPILATION_MODE = wholemodule;
				SWIFT_OPTIMIZATION_LEVEL = "-O";
				VALIDATE_PRODUCT = YES;
			};
			name = Release;
		};
		B28D41FD2443538D00C2577E /* Debug */ = {
			isa = XCBuildConfiguration;
			buildSettings = {
				ASSETCATALOG_COMPILER_APPICON_NAME = AppIcon;
				CODE_SIGN_STYLE = Automatic;
				DEVELOPMENT_ASSET_PATHS = "\"Shortcut Menu iOS/Preview Content\"";
				DEVELOPMENT_TEAM = 3T7CT2S464;
				ENABLE_PREVIEWS = YES;
				INFOPLIST_FILE = "Shortcut Menu iOS/Info.plist";
				LD_RUNPATH_SEARCH_PATHS = (
					"$(inherited)",
					"@executable_path/Frameworks",
				);
				PRODUCT_BUNDLE_IDENTIFIER = "MarcShearer.Shortcut-Menu";
				PRODUCT_NAME = "$(TARGET_NAME)";
				SWIFT_VERSION = 5.0;
				TARGETED_DEVICE_FAMILY = "1,2";
			};
			name = Debug;
		};
		B28D41FE2443538D00C2577E /* Release */ = {
			isa = XCBuildConfiguration;
			buildSettings = {
				ASSETCATALOG_COMPILER_APPICON_NAME = AppIcon;
				CODE_SIGN_STYLE = Automatic;
				DEVELOPMENT_ASSET_PATHS = "\"Shortcut Menu iOS/Preview Content\"";
				DEVELOPMENT_TEAM = 3T7CT2S464;
				ENABLE_PREVIEWS = YES;
				INFOPLIST_FILE = "Shortcut Menu iOS/Info.plist";
				LD_RUNPATH_SEARCH_PATHS = (
					"$(inherited)",
					"@executable_path/Frameworks",
				);
				PRODUCT_BUNDLE_IDENTIFIER = "MarcShearer.Shortcut-Menu";
				PRODUCT_NAME = "$(TARGET_NAME)";
				SWIFT_VERSION = 5.0;
				TARGETED_DEVICE_FAMILY = "1,2";
			};
			name = Release;
		};
		B28D42782447515300C2577E /* Debug */ = {
			isa = XCBuildConfiguration;
			buildSettings = {
				ASSETCATALOG_COMPILER_APPICON_NAME = AppIcon;
				CODE_SIGN_ENTITLEMENTS = "Shortcut Menu Mac/Shortcut_Menu_Mac.entitlements";
				CODE_SIGN_STYLE = Automatic;
				COMBINE_HIDPI_IMAGES = YES;
				DEVELOPMENT_ASSET_PATHS = "\"Shortcut Menu Mac/Preview Content\"";
				DEVELOPMENT_TEAM = 3T7CT2S464;
				ENABLE_HARDENED_RUNTIME = YES;
				ENABLE_PREVIEWS = YES;
				INFOPLIST_FILE = "Shortcut Menu Mac/Info.plist";
				LD_RUNPATH_SEARCH_PATHS = (
					"$(inherited)",
					"@executable_path/../Frameworks",
				);
				MACOSX_DEPLOYMENT_TARGET = 11.0;
				PRODUCT_BUNDLE_IDENTIFIER = "MarcShearer.Shortcut-Menu-Mac";
				PRODUCT_NAME = "$(TARGET_NAME)";
				SDKROOT = macosx;
				SWIFT_VERSION = 5.0;
			};
			name = Debug;
		};
		B28D42792447515300C2577E /* Release */ = {
			isa = XCBuildConfiguration;
			buildSettings = {
				ASSETCATALOG_COMPILER_APPICON_NAME = AppIcon;
				CODE_SIGN_ENTITLEMENTS = "Shortcut Menu Mac/Shortcut_Menu_Mac.entitlements";
				CODE_SIGN_STYLE = Automatic;
				COMBINE_HIDPI_IMAGES = YES;
				DEVELOPMENT_ASSET_PATHS = "\"Shortcut Menu Mac/Preview Content\"";
				DEVELOPMENT_TEAM = 3T7CT2S464;
				ENABLE_HARDENED_RUNTIME = NO;
				ENABLE_PREVIEWS = YES;
				INFOPLIST_FILE = "Shortcut Menu Mac/Info.plist";
				LD_RUNPATH_SEARCH_PATHS = (
					"$(inherited)",
					"@executable_path/../Frameworks",
				);
				MACOSX_DEPLOYMENT_TARGET = 11.0;
				PRODUCT_BUNDLE_IDENTIFIER = "MarcShearer.Shortcut-Menu-Mac";
				PRODUCT_NAME = "$(TARGET_NAME)";
				SDKROOT = macosx;
				SWIFT_VERSION = 5.0;
			};
			name = Release;
		};
/* End XCBuildConfiguration section */

/* Begin XCConfigurationList section */
		B28D41E02443538B00C2577E /* Build configuration list for PBXProject "Shortcut Menu" */ = {
			isa = XCConfigurationList;
			buildConfigurations = (
				B28D41FA2443538D00C2577E /* Debug */,
				B28D41FB2443538D00C2577E /* Release */,
			);
			defaultConfigurationIsVisible = 0;
			defaultConfigurationName = Release;
		};
		B28D41FC2443538D00C2577E /* Build configuration list for PBXNativeTarget "Shortcut Menu" */ = {
			isa = XCConfigurationList;
			buildConfigurations = (
				B28D41FD2443538D00C2577E /* Debug */,
				B28D41FE2443538D00C2577E /* Release */,
			);
			defaultConfigurationIsVisible = 0;
			defaultConfigurationName = Release;
		};
		B28D427A2447515300C2577E /* Build configuration list for PBXNativeTarget "Shortcut Menu Mac" */ = {
			isa = XCConfigurationList;
			buildConfigurations = (
				B28D42782447515300C2577E /* Debug */,
				B28D42792447515300C2577E /* Release */,
			);
			defaultConfigurationIsVisible = 0;
			defaultConfigurationName = Release;
		};
/* End XCConfigurationList section */

/* Begin XCVersionGroup section */
		B28D41EC2443538B00C2577E /* Shortcut_Menu.xcdatamodeld */ = {
			isa = XCVersionGroup;
			children = (
				B28D41ED2443538B00C2577E /* Shortcut_Menu.xcdatamodel */,
			);
			currentVersion = B28D41ED2443538B00C2577E /* Shortcut_Menu.xcdatamodel */;
			path = Shortcut_Menu.xcdatamodeld;
			sourceTree = "<group>";
			versionGroupType = wrapper.xcdatamodel;
		};
		B2B82CAC25F20D490005B07C /* Shortcut_Menu_Mac.xcdatamodeld */ = {
			isa = XCVersionGroup;
			children = (
				B2B82CAD25F20D490005B07C /* Shortcut_Menu_Mac.xcdatamodel */,
			);
			currentVersion = B2B82CAD25F20D490005B07C /* Shortcut_Menu_Mac.xcdatamodel */;
			path = Shortcut_Menu_Mac.xcdatamodeld;
			sourceTree = "<group>";
			versionGroupType = wrapper.xcdatamodel;
		};
/* End XCVersionGroup section */
	};
	rootObject = B28D41DD2443538B00C2577E /* Project object */;
}
